dependencies:
- name: postgresql
  repository: https://charts.bitnami.com/
  version: 8.6.9
- name: redis-cache
  repository: https://kubernetes-charts-incubator.storage.googleapis.com/
  version: 0.5.0
digest: sha256:d55bbc1ed81494fa9a487b66292e38d06147076d140fa3be07662e403823c018
generated: "2020-03-23T23:40:00.742138+01:00"
